{
  "name": "test",
  "version": "1.0.0",
  "lockfileVersion": 1,
  "requires": true,
  "dependencies": {
    "cli-chat": {
      "version": "4.1.2",
      "resolved": "http://r.cnpmjs.org/cli-chat/download/cli-chat-4.1.2.tgz",
      "integrity": "sha1-e2cCMBo3/X1Z+avg6R8Jz2j2JPA=",
      "requires": {
        "commander": "2.11.0",
        "ip": "1.1.5",
        "username": "3.0.0"
      }
    },
    "commander": {
      "version": "2.11.0",
      "resolved": "http://r.cnpmjs.org/commander/download/commander-2.11.0.tgz",
      "integrity": "sha1-FXFS/R56bI2YpbcVzzdt+SgARWM="
    },
    "cross-spawn": {
      "version": "5.1.0",
      "resolved": "http://r.cnpmjs.org/cross-spawn/download/cross-spawn-5.1.0.tgz",
      "integrity": "sha1-6L0O/uWPz/b4+UUQoKVUu/ojVEk=",
      "requires": {
        "lru-cache": "4.1.1",
        "shebang-command": "1.2.0",
        "which": "1.3.0"
      }
    },
    "execa": {
      "version": "0.7.0",
      "resolved": "http://r.cnpmjs.org/execa/download/execa-0.7.0.tgz",
      "integrity": "sha1-lEvs00zEHuMqY6n68nrVpl/Fl3c=",
      "requires": {
        "cross-spawn": "5.1.0",
        "get-stream": "3.0.0",
        "is-stream": "1.1.0",
        "npm-run-path": "2.0.2",
        "p-finally": "1.0.0",
        "signal-exit": "3.0.2",
        "strip-eof": "1.0.0"
      }
    },
    "fs": {
      "version": "0.0.1-security",
      "resolved": "http://r.cnpmjs.org/fs/download/fs-0.0.1-security.tgz",
      "integrity": "sha1-invTcYa23d84E/I4WLV+yq9eQdQ="
    },
    "get-stream": {
      "version": "3.0.0",
      "resolved": "http://r.cnpmjs.org/get-stream/download/get-stream-3.0.0.tgz",
      "integrity": "sha1-jpQ9E1jcN1VQVOy+LtsFqhdO3hQ="
    },
    "ip": {
      "version": "1.1.5",
      "resolved": "http://r.cnpmjs.org/ip/download/ip-1.1.5.tgz",
      "integrity": "sha1-vd7XARQpCCjAoDnnLvJfWq7ENUo="
    },
    "is-stream": {
      "version": "1.1.0",
      "resolved": "http://r.cnpmjs.org/is-stream/download/is-stream-1.1.0.tgz",
      "integrity": "sha1-EtSj3U5o4Lec6428hBc66A2RykQ="
    },
    "isexe": {
      "version": "2.0.0",
      "resolved": "http://r.cnpmjs.org/isexe/download/isexe-2.0.0.tgz",
      "integrity": "sha1-6PvzdNxVb/iUehDcsFctYz8s+hA="
    },
    "lru-cache": {
      "version": "4.1.1",
      "resolved": "http://r.cnpmjs.org/lru-cache/download/lru-cache-4.1.1.tgz",
      "integrity": "sha1-Yi4y6CSItJJ5EUpPns9F581rulU=",
      "requires": {
        "pseudomap": "1.0.2",
        "yallist": "2.1.2"
      }
    },
    "mem": {
      "version": "1.1.0",
      "resolved": "http://r.cnpmjs.org/mem/download/mem-1.1.0.tgz",
      "integrity": "sha1-Xt1StIXKHZAP5kiVUFOZoN+kX3Y=",
      "requires": {
        "mimic-fn": "1.1.0"
      }
    },
    "mimic-fn": {
      "version": "1.1.0",
      "resolved": "http://r.cnpmjs.org/mimic-fn/download/mimic-fn-1.1.0.tgz",
      "integrity": "sha1-5md4PZLonb00KBi1IwudYqZyrRg="
    },
    "npm-run-path": {
      "version": "2.0.2",
      "resolved": "http://r.cnpmjs.org/npm-run-path/download/npm-run-path-2.0.2.tgz",
      "integrity": "sha1-NakjLfo11wZ7TLLd8jV7GHFTbF8=",
      "requires": {
        "path-key": "2.0.1"
      }
    },
    "p-finally": {
      "version": "1.0.0",
      "resolved": "http://r.cnpmjs.org/p-finally/download/p-finally-1.0.0.tgz",
      "integrity": "sha1-P7z7FbiZpEEjs0ttzBi3JDNqLK4="
    },
    "path-key": {
      "version": "2.0.1",
      "resolved": "http://r.cnpmjs.org/path-key/download/path-key-2.0.1.tgz",
      "integrity": "sha1-QRyttXTFoUDTpLGRDUDYDMn0C0A="
    },
    "pseudomap": {
      "version": "1.0.2",
      "resolved": "http://r.cnpmjs.org/pseudomap/download/pseudomap-1.0.2.tgz",
      "integrity": "sha1-8FKijacOYYkX7wqKw0wa5aaChrM="
    },
    "shebang-command": {
      "version": "1.2.0",
      "resolved": "http://r.cnpmjs.org/shebang-command/download/shebang-command-1.2.0.tgz",
      "integrity": "sha1-RKrGW2lbAzmJaMOfNj/uXer98eo=",
      "requires": {
        "shebang-regex": "1.0.0"
      }
    },
    "shebang-regex": {
      "version": "1.0.0",
      "resolved": "http://r.cnpmjs.org/shebang-regex/download/shebang-regex-1.0.0.tgz",
      "integrity": "sha1-2kL0l0DAtC2yypcoVxyxkMmO/qM="
    },
    "signal-exit": {
      "version": "3.0.2",
      "resolved": "http://r.cnpmjs.org/signal-exit/download/signal-exit-3.0.2.tgz",
      "integrity": "sha1-tf3AjxKH6hF4Yo5BXiUTK3NkbG0="
    },
    "strip-eof": {
      "version": "1.0.0",
      "resolved": "http://r.cnpmjs.org/strip-eof/download/strip-eof-1.0.0.tgz",
      "integrity": "sha1-u0P/VZim6wXYm1n80SnJgzE2Br8="
    },
    "username": {
      "version": "3.0.0",
      "resolved": "http://r.cnpmjs.org/username/download/username-3.0.0.tgz",
      "integrity": "sha1-s9upgqcrTOWdUvFZ+hrromavX8g=",
      "requires": {
        "execa": "0.7.0",
        "mem": "1.1.0"
      }
    },
    "which": {
      "version": "1.3.0",
      "resolved": "http://r.cnpmjs.org/which/download/which-1.3.0.tgz",
      "integrity": "sha1-/wS9/AEO5UfXgL7DjhrBwnd9JTo=",
      "requires": {
        "isexe": "2.0.0"
      }
    },
    "yallist": {
      "version": "2.1.2",
      "resolved": "http://r.cnpmjs.org/yallist/download/yallist-2.1.2.tgz",
      "integrity": "sha1-HBH5IY8HYImkfdUS+TxmmaaoHVI="
    }
  }
}
