{
  "name": "weather-command",
  "version": "1.0.0",
  "lockfileVersion": 1,
  "requires": true,
  "dependencies": {
    "axios": {
      "version": "0.17.0",
      "resolved": "https://registry.npmjs.org/axios/-/axios-0.17.0.tgz",
      "integrity": "sha1-fadHkW24A/dhZR1gkdcIeJuVPGo=",
      "requires": {
        "follow-redirects": "1.2.5",
        "is-buffer": "1.1.6"
      }
    },
    "clone": {
      "version": "1.0.2",
      "resolved": "https://registry.npmjs.org/clone/-/clone-1.0.2.tgz",
      "integrity": "sha1-Jgt6meux7f4kdTgXX3gyQ8sZ0Uk=",
      "optional": true
    },
    "commander": {
      "version": "2.11.0",
      "resolved": "https://registry.npmjs.org/commander/-/commander-2.11.0.tgz",
      "integrity": "sha512-b0553uYA5YAEGgyYIGYROzKQ7X5RAqedkfjiZxwi0kL1g3bOaBNNZfYkzt/CL0umgD5wc9Jec2FbB98CjkMRvQ=="
    },
    "debug": {
      "version": "2.6.9",
      "resolved": "https://registry.npmjs.org/debug/-/debug-2.6.9.tgz",
      "integrity": "sha512-bC7ElrdJaJnPbAP+1EotYvqZsb3ecl5wi6Bfi6BJTUcNowp6cvspg0jXznRTKDjm/E7AdgFBVeAPVMNcKGsHMA==",
      "requires": {
        "ms": "2.0.0"
      }
    },
    "defaults": {
      "version": "1.0.3",
      "resolved": "https://registry.npmjs.org/defaults/-/defaults-1.0.3.tgz",
      "integrity": "sha1-xlYFHpgX2f8I7YgUd/P+QBnz730=",
      "optional": true,
      "requires": {
        "clone": "1.0.2"
      }
    },
    "easy-table": {
      "version": "1.1.0",
      "resolved": "https://registry.npmjs.org/easy-table/-/easy-table-1.1.0.tgz",
      "integrity": "sha1-hvmrTBAvA3G3KXuSplHVgkvIy3M=",
      "requires": {
        "wcwidth": "1.0.1"
      }
    },
    "follow-redirects": {
      "version": "1.2.5",
      "resolved": "https://registry.npmjs.org/follow-redirects/-/follow-redirects-1.2.5.tgz",
      "integrity": "sha512-lMhwQTryFbG+wYsAIEKC1Kf5IGDlVNnONRogIBllh7LLoV7pNIxW0z9fhjRar9NBql+hd2Y49KboVVNxf6GEfg==",
      "requires": {
        "debug": "2.6.9"
      }
    },
    "is-buffer": {
      "version": "1.1.6",
      "resolved": "https://registry.npmjs.org/is-buffer/-/is-buffer-1.1.6.tgz",
      "integrity": "sha512-NcdALwpXkTm5Zvvbk7owOUSvVvBKDgKP5/ewfXEznmQFfs4ZRmanOeKBTjRVjka3QFoN6XJ+9F3USqfHqTaU5w=="
    },
    "ms": {
      "version": "2.0.0",
      "resolved": "https://registry.npmjs.org/ms/-/ms-2.0.0.tgz",
      "integrity": "sha1-VgiurfwAvmwpAd9fmGF4jeDVl8g="
    },
    "wcwidth": {
      "version": "1.0.1",
      "resolved": "https://registry.npmjs.org/wcwidth/-/wcwidth-1.0.1.tgz",
      "integrity": "sha1-8LDc+RW8X/FSivrbLA4XtTLaL+g=",
      "optional": true,
      "requires": {
        "defaults": "1.0.3"
      }
    }
  }
}
