{
  "name": "node",
  "version": "1.0.0",
  "lockfileVersion": 1,
  "requires": true,
  "dependencies": {
    "expand-tilde": {
      "version": "2.0.2",
      "resolved": "http://registry.npm.taobao.org/expand-tilde/download/expand-tilde-2.0.2.tgz",
      "integrity": "sha1-l+gBqgUt8CRU3kawK/YhZCzchQI=",
      "requires": {
        "homedir-polyfill": "1.0.1"
      }
    },
    "global-modules": {
      "version": "1.0.0",
      "resolved": "http://registry.npm.taobao.org/global-modules/download/global-modules-1.0.0.tgz",
      "integrity": "sha1-bXcPDrUjrHgWTXK15xqIdyZcw+o=",
      "requires": {
        "global-prefix": "1.0.2",
        "is-windows": "1.0.1",
        "resolve-dir": "1.0.1"
      }
    },
    "global-prefix": {
      "version": "1.0.2",
      "resolved": "http://registry.npm.taobao.org/global-prefix/download/global-prefix-1.0.2.tgz",
      "integrity": "sha1-2/dDxsFJklk8ZVVoy2btMsASLr4=",
      "requires": {
        "expand-tilde": "2.0.2",
        "homedir-polyfill": "1.0.1",
        "ini": "1.3.4",
        "is-windows": "1.0.1",
        "which": "1.3.0"
      }
    },
    "home": {
      "version": "1.0.1",
      "resolved": "http://registry.npm.taobao.org/home/download/home-1.0.1.tgz",
      "integrity": "sha1-lqQjzrSbmDeP9e886uBZpVf53TU=",
      "requires": {
        "os-homedir": "1.0.2"
      }
    },
    "homedir-polyfill": {
      "version": "1.0.1",
      "resolved": "http://registry.npm.taobao.org/homedir-polyfill/download/homedir-polyfill-1.0.1.tgz",
      "integrity": "sha1-TCu8inWJmP7r9e1oWA921GdotLw=",
      "requires": {
        "parse-passwd": "1.0.0"
      }
    },
    "ini": {
      "version": "1.3.4",
      "resolved": "http://registry.npm.taobao.org/ini/download/ini-1.3.4.tgz",
      "integrity": "sha1-BTfLedr1m1mhpRff9wbIbsA5Fi4="
    },
    "is-windows": {
      "version": "1.0.1",
      "resolved": "http://registry.npm.taobao.org/is-windows/download/is-windows-1.0.1.tgz",
      "integrity": "sha1-MQ23D3QtJZoWo2kgK1GvhCMzENk="
    },
    "isexe": {
      "version": "2.0.0",
      "resolved": "http://registry.npm.taobao.org/isexe/download/isexe-2.0.0.tgz",
      "integrity": "sha1-6PvzdNxVb/iUehDcsFctYz8s+hA="
    },
    "moment": {
      "version": "2.19.1",
      "resolved": "http://registry.npm.taobao.org/moment/download/moment-2.19.1.tgz",
      "integrity": "sha1-VtoaLRy/AdOLfhr8McELz6GSkWc="
    },
    "os-homedir": {
      "version": "1.0.2",
      "resolved": "http://registry.npm.taobao.org/os-homedir/download/os-homedir-1.0.2.tgz",
      "integrity": "sha1-/7xJiDNuDoM94MFox+8VISGqf7M="
    },
    "parse-passwd": {
      "version": "1.0.0",
      "resolved": "http://registry.npm.taobao.org/parse-passwd/download/parse-passwd-1.0.0.tgz",
      "integrity": "sha1-bVuTSkVpk7I9N/QKOC1vFmao5cY="
    },
    "repl": {
      "version": "0.1.3",
      "resolved": "http://r.cnpmjs.org/repl/download/repl-0.1.3.tgz",
      "integrity": "sha1-LwXUKwyItD0FzL2hDtFK7/Vpm2A="
    },
    "repl2": {
      "version": "2.0.0",
      "resolved": "http://registry.npm.taobao.org/repl2/download/repl2-2.0.0.tgz",
      "integrity": "sha1-rYEH7Hbu8dcx/2amTe0u7MbXwr8=",
      "requires": {
        "global-modules": "1.0.0",
        "home": "1.0.1"
      }
    },
    "resolve-dir": {
      "version": "1.0.1",
      "resolved": "http://registry.npm.taobao.org/resolve-dir/download/resolve-dir-1.0.1.tgz",
      "integrity": "sha1-eaQGRMNivoLybv/nOcm7U4IEb0M=",
      "requires": {
        "expand-tilde": "2.0.2",
        "global-modules": "1.0.0"
      }
    },
    "which": {
      "version": "1.3.0",
      "resolved": "http://registry.npm.taobao.org/which/download/which-1.3.0.tgz",
      "integrity": "sha1-/wS9/AEO5UfXgL7DjhrBwnd9JTo=",
      "requires": {
        "isexe": "2.0.0"
      }
    }
  }
}
